# This file is autogenerated, do not edit; changes may be undone by the next 'dep ensure'.


[[projects]]
  name = "github.com/Sirupsen/logrus"
  packages = ["."]
  revision = "c155da19408a8799da419ed3eeb0cb5db0ad5dbc"
  version = "v1.0.5"

[[projects]]
  name = "github.com/TIBCOSoftware/flogo-lib"
  packages = [
    "config",
    "core/activity",
    "core/data",
    "logger"
  ]
  revision = "36e580967fa7ac89b50cd7c96018118a16acd744"
  version = "v0.5.3"

[[projects]]
  branch = "master"
  name = "golang.org/x/crypto"
  packages = ["ssh/terminal"]
  revision = "f70185d77e8278766928032ee1355e3da47e7181"

[[projects]]
  branch = "master"
  name = "golang.org/x/sys"
  packages = [
    "unix",
    "windows"
  ]
  revision = "3b87a42e500a6dc65dae1a55d0b641295971163e"

[solve-meta]
  analyzer-name = "dep"
  analyzer-version = 1
  inputs-digest = "1a86fb0f57ac8755313d9a7f3b6e8f4c24fdbdfd209b1bf84f46e83f3d677439"
  solver-name = "gps-cdcl"
  solver-version = 1
